
Microsoft Visual Studio Solution File, Format Version 12.00
# Visual Studio Version 17
VisualStudioVersion = 17.14.36414.22 d17.14
MinimumVisualStudioVersion = 10.0.40219.1
Project("{FAE04EC0-301F-11D3-BF4B-00C04F79EFBC}") = "LibraryApp.Console", "LibraryApp.Console\LibraryApp.Console.csproj", "{799A6395-FA2A-43CD-852C-7AA9A1957984}"
EndProject
Global
	GlobalSection(SolutionConfigurationPlatforms) = preSolution
		Debug|Any CPU = Debug|Any CPU
		Release|Any CPU = Release|Any CPU
	EndGlobalSection
	GlobalSection(ProjectConfigurationPlatforms) = postSolution
		{799A6395-FA2A-43CD-852C-7AA9A1957984}.Debug|Any CPU.ActiveCfg = Debug|Any CPU
		{799A6395-FA2A-43CD-852C-7AA9A1957984}.Debug|Any CPU.Build.0 = Debug|Any CPU
		{799A6395-FA2A-43CD-852C-7AA9A1957984}.Release|Any CPU.ActiveCfg = Release|Any CPU
		{799A6395-FA2A-43CD-852C-7AA9A1957984}.Release|Any CPU.Build.0 = Release|Any CPU
	EndGlobalSection
	GlobalSection(SolutionProperties) = preSolution
		HideSolutionNode = FALSE
	EndGlobalSection
	GlobalSection(ExtensibilityGlobals) = postSolution
		SolutionGuid = {80BE22CC-1EDE-4ED9-AE4B-D999C2A8DD77}
	EndGlobalSection
EndGlobal
