
Microsoft Visual Studio Solution File, Format Version 12.00
# Visual Studio Version 17
VisualStudioVersion = 17.14.36511.14
MinimumVisualStudioVersion = 10.0.40219.1
Project("{FAE04EC0-301F-11D3-BF4B-00C04F79EFBC}") = "LibraryApp.Console", "LibraryApp.Console\LibraryApp.Console.csproj", "{1E3721A1-E615-4352-831F-CF3724F9E953}"
EndProject
Project("{FAE04EC0-301F-11D3-BF4B-00C04F79EFBC}") = "LibraryApp.Api", "LibraryApp.Api\LibraryApp.Api.csproj", "{8DA31804-6FCE-4407-8CD4-AB5CF8FC4A89}"
EndProject
Project("{FAE04EC0-301F-11D3-BF4B-00C04F79EFBC}") = "LibraryApp.Services", "LibraryApp.Services\LibraryApp.Services.csproj", "{5EDE9F21-F01F-4884-876D-8D8EEB84B989}"
EndProject
Project("{FAE04EC0-301F-11D3-BF4B-00C04F79EFBC}") = "LibraryApp.Domain", "LibraryApp.Domain\LibraryApp.Domain.csproj", "{7AA6F655-8D7C-470E-818B-3B70F115A2CA}"
EndProject
Global
	GlobalSection(SolutionConfigurationPlatforms) = preSolution
		Debug|Any CPU = Debug|Any CPU
		Release|Any CPU = Release|Any CPU
	EndGlobalSection
	GlobalSection(ProjectConfigurationPlatforms) = postSolution
		{1E3721A1-E615-4352-831F-CF3724F9E953}.Debug|Any CPU.ActiveCfg = Debug|Any CPU
		{1E3721A1-E615-4352-831F-CF3724F9E953}.Debug|Any CPU.Build.0 = Debug|Any CPU
		{1E3721A1-E615-4352-831F-CF3724F9E953}.Release|Any CPU.ActiveCfg = Release|Any CPU
		{1E3721A1-E615-4352-831F-CF3724F9E953}.Release|Any CPU.Build.0 = Release|Any CPU
		{8DA31804-6FCE-4407-8CD4-AB5CF8FC4A89}.Debug|Any CPU.ActiveCfg = Debug|Any CPU
		{8DA31804-6FCE-4407-8CD4-AB5CF8FC4A89}.Debug|Any CPU.Build.0 = Debug|Any CPU
		{8DA31804-6FCE-4407-8CD4-AB5CF8FC4A89}.Release|Any CPU.ActiveCfg = Release|Any CPU
		{8DA31804-6FCE-4407-8CD4-AB5CF8FC4A89}.Release|Any CPU.Build.0 = Release|Any CPU
		{5EDE9F21-F01F-4884-876D-8D8EEB84B989}.Debug|Any CPU.ActiveCfg = Debug|Any CPU
		{5EDE9F21-F01F-4884-876D-8D8EEB84B989}.Debug|Any CPU.Build.0 = Debug|Any CPU
		{5EDE9F21-F01F-4884-876D-8D8EEB84B989}.Release|Any CPU.ActiveCfg = Release|Any CPU
		{5EDE9F21-F01F-4884-876D-8D8EEB84B989}.Release|Any CPU.Build.0 = Release|Any CPU
		{7AA6F655-8D7C-470E-818B-3B70F115A2CA}.Debug|Any CPU.ActiveCfg = Debug|Any CPU
		{7AA6F655-8D7C-470E-818B-3B70F115A2CA}.Debug|Any CPU.Build.0 = Debug|Any CPU
		{7AA6F655-8D7C-470E-818B-3B70F115A2CA}.Release|Any CPU.ActiveCfg = Release|Any CPU
		{7AA6F655-8D7C-470E-818B-3B70F115A2CA}.Release|Any CPU.Build.0 = Release|Any CPU
	EndGlobalSection
	GlobalSection(SolutionProperties) = preSolution
		HideSolutionNode = FALSE
	EndGlobalSection
	GlobalSection(ExtensibilityGlobals) = postSolution
		SolutionGuid = {40FC7AD8-9008-4954-BE78-E82D35E4CA21}
	EndGlobalSection
EndGlobal
